
Microsoft Visual Studio Solution File, Format Version 12.00
# Visual Studio Version 17
VisualStudioVersion = 17.14.36414.22 d17.14
MinimumVisualStudioVersion = 10.0.40219.1
Project("{FAE04EC0-301F-11D3-BF4B-00C04F79EFBC}") = "indovina il giorno", "indovina il giorno\indovina il giorno.csproj", "{2D22E23D-5B20-4C7C-A911-B2DDD74BF7EC}"
EndProject
Global
	GlobalSection(SolutionConfigurationPlatforms) = preSolution
		Debug|Any CPU = Debug|Any CPU
		Release|Any CPU = Release|Any CPU
	EndGlobalSection
	GlobalSection(ProjectConfigurationPlatforms) = postSolution
		{2D22E23D-5B20-4C7C-A911-B2DDD74BF7EC}.Debug|Any CPU.ActiveCfg = Debug|Any CPU
		{2D22E23D-5B20-4C7C-A911-B2DDD74BF7EC}.Debug|Any CPU.Build.0 = Debug|Any CPU
		{2D22E23D-5B20-4C7C-A911-B2DDD74BF7EC}.Release|Any CPU.ActiveCfg = Release|Any CPU
		{2D22E23D-5B20-4C7C-A911-B2DDD74BF7EC}.Release|Any CPU.Build.0 = Release|Any CPU
	EndGlobalSection
	GlobalSection(SolutionProperties) = preSolution
		HideSolutionNode = FALSE
	EndGlobalSection
	GlobalSection(ExtensibilityGlobals) = postSolution
		SolutionGuid = {63FFAC27-0BE4-47FB-8BB7-741E9E430C1C}
	EndGlobalSection
EndGlobal
